// !$*UTF8*$!
{
	archiveVersion = 1;
	classes = {
	};
	objectVersion = 46;
	objects = {

/* Begin PBXBuildFile section */
		39135C991ED1960000626D55 /* AppDelegate.swift in Sources */ = {isa = PBXBuildFile; fileRef = 39135C981ED1960000626D55 /* AppDelegate.swift */; };
		39135C9B1ED1960000626D55 /* ViewController.swift in Sources */ = {isa = PBXBuildFile; fileRef = 39135C9A1ED1960000626D55 /* ViewController.swift */; };
		39135C9E1ED1960000626D55 /* Main.storyboard in Resources */ = {isa = PBXBuildFile; fileRef = 39135C9C1ED1960000626D55 /* Main.storyboard */; };
		39135CA01ED1960000626D55 /* Assets.xcassets in Resources */ = {isa = PBXBuildFile; fileRef = 39135C9F1ED1960000626D55 /* Assets.xcassets */; };
		39135CA31ED1960000626D55 /* LaunchScreen.storyboard in Resources */ = {isa = PBXBuildFile; fileRef = 39135CA11ED1960000626D55 /* LaunchScreen.storyboard */; };
		39135CAE1ED1960000626D55 /* demoTests.swift in Sources */ = {isa = PBXBuildFile; fileRef = 39135CAD1ED1960000626D55 /* demoTests.swift */; };
		39135CB91ED1960000626D55 /* demoUITests.swift in Sources */ = {isa = PBXBuildFile; fileRef = 39135CB81ED1960000626D55 /* demoUITests.swift */; };
/* End PBXBuildFile section */

/* Begin PBXContainerItemProxy section */
		39135CAA1ED1960000626D55 /* PBXContainerItemProxy */ = {
			isa = PBXContainerItemProxy;
			containerPortal = 39135C8D1ED1960000626D55 /* Project object */;
			proxyType = 1;
			remoteGlobalIDString = 39135C941ED1960000626D55;
			remoteInfo = demo;
		};
		39135CB51ED1960000626D55 /* PBXContainerItemProxy */ = {
			isa = PBXContainerItemProxy;
			containerPortal = 39135C8D1ED1960000626D55 /* Project object */;
			proxyType = 1;
			remoteGlobalIDString = 39135C941ED1960000626D55;
			remoteInfo = demo;
		};
/* End PBXContainerItemProxy section */

/* Begin PBXFileReference section */
		39135C951ED1960000626D55 /* demo.app */ = {isa = PBXFileReference; explicitFileType = wrapper.application; includeInIndex = 0; path = demo.app; sourceTree = BUILT_PRODUCTS_DIR; };
		39135C981ED1960000626D55 /* AppDelegate.swift */ = {isa = PBXFileReference; lastKnownFileType = sourcecode.swift; path = AppDelegate.swift; sourceTree = "<group>"; };
		39135C9A1ED1960000626D55 /* ViewController.swift */ = {isa = PBXFileReference; lastKnownFileType = sourcecode.swift; path = ViewController.swift; sourceTree = "<group>"; };
		39135C9D1ED1960000626D55 /* Base */ = {isa = PBXFileReference; lastKnownFileType = file.storyboard; name = Base; path = Base.lproj/Main.storyboard; sourceTree = "<group>"; };
		39135C9F1ED1960000626D55 /* Assets.xcassets */ = {isa = PBXFileReference; lastKnownFileType = folder.assetcatalog; path = Assets.xcassets; sourceTree = "<group>"; };
		39135CA21ED1960000626D55 /* Base */ = {isa = PBXFileReference; lastKnownFileType = file.storyboard; name = Base; path = Base.lproj/LaunchScreen.storyboard; sourceTree = "<group>"; };
		39135CA41ED1960000626D55 /* Info.plist */ = {isa = PBXFileReference; lastKnownFileType = text.plist.xml; path = Info.plist; sourceTree = "<group>"; };
		39135CA91ED1960000626D55 /* demoTests.xctest */ = {isa = PBXFileReference; explicitFileType = wrapper.cfbundle; includeInIndex = 0; path = demoTests.xctest; sourceTree = BUILT_PRODUCTS_DIR; };
		39135CAD1ED1960000626D55 /* demoTests.swift */ = {isa = PBXFileReference; lastKnownFileType = sourcecode.swift; path = demoTests.swift; sourceTree = "<group>"; };
		39135CAF1ED1960000626D55 /* Info.plist */ = {isa = PBXFileReference; lastKnownFileType = text.plist.xml; path = Info.plist; sourceTree = "<group>"; };
		39135CB41ED1960000626D55 /* demoUITests.xctest */ = {isa = PBXFileReference; explicitFileType = wrapper.cfbundle; includeInIndex = 0; path = demoUITests.xctest; sourceTree = BUILT_PRODUCTS_DIR; };
		39135CB81ED1960000626D55 /* demoUITests.swift */ = {isa = PBXFileReference; lastKnownFileType = sourcecode.swift; path = demoUITests.swift; sourceTree = "<group>"; };
		39135CBA1ED1960000626D55 /* Info.plist */ = {isa = PBXFileReference; lastKnownFileType = text.plist.xml; path = Info.plist; sourceTree = "<group>"; };
/* End PBXFileReference section */

/* Begin PBXFrameworksBuildPhase section */
		39135C921ED1960000626D55 /* Frameworks */ = {
			isa = PBXFrameworksBuildPhase;
			buildActionMask = 2147483647;
			files = (
			);
			runOnlyForDeploymentPostprocessing = 0;
		};
		39135CA61ED1960000626D55 /* Frameworks */ = {
			isa = PBXFrameworksBuildPhase;
			buildActionMask = 2147483647;
			files = (
			);
			runOnlyForDeploymentPostprocessing = 0;
		};
		39135CB11ED1960000626D55 /* Frameworks */ = {
			isa = PBXFrameworksBuildPhase;
			buildActionMask = 2147483647;
			files = (
			);
			runOnlyForDeploymentPostprocessing = 0;
		};
/* End PBXFrameworksBuildPhase section */

/* Begin PBXGroup section */
		39135C8C1ED1960000626D55 = {
			isa = PBXGroup;
			children = (
				39135C971ED1960000626D55 /* demo */,
				39135CAC1ED1960000626D55 /* demoTests */,
				39135CB71ED1960000626D55 /* demoUITests */,
				39135C961ED1960000626D55 /* Products */,
			);
			sourceTree = "<group>";
		};
		39135C961ED1960000626D55 /* Products */ = {
			isa = PBXGroup;
			children = (
				39135C951ED1960000626D55 /* demo.app */,
				39135CA91ED1960000626D55 /* demoTests.xctest */,
				39135CB41ED1960000626D55 /* demoUITests.xctest */,
			);
			name = Products;
			sourceTree = "<group>";
		};
		39135C971ED1960000626D55 /* demo */ = {
			isa = PBXGroup;
			children = (
				39135C981ED1960000626D55 /* AppDelegate.swift */,
				39135C9A1ED1960000626D55 /* ViewController.swift */,
				39135C9C1ED1960000626D55 /* Main.storyboard */,
				39135C9F1ED1960000626D55 /* Assets.xcassets */,
				39135CA11ED1960000626D55 /* LaunchScreen.storyboard */,
				39135CA41ED1960000626D55 /* Info.plist */,
			);
			path = demo;
			sourceTree = "<group>";
		};
		39135CAC1ED1960000626D55 /* demoTests */ = {
			isa = PBXGroup;
			children = (
				39135CAD1ED1960000626D55 /* demoTests.swift */,
				39135CAF1ED1960000626D55 /* Info.plist */,
			);
			path = demoTests;
			sourceTree = "<group>";
		};
		39135CB71ED1960000626D55 /* demoUITests */ = {
			isa = PBXGroup;
			children = (
				39135CB81ED1960000626D55 /* demoUITests.swift */,
				39135CBA1ED1960000626D55 /* Info.plist */,
			);
			path = demoUITests;
			sourceTree = "<group>";
		};
/* End PBXGroup section */

/* Begin PBXNativeTarget section */
		39135C941ED1960000626D55 /* demo */ = {
			isa = PBXNativeTarget;
			buildConfigurationList = 39135CBD1ED1960000626D55 /* Build configuration list for PBXNativeTarget "demo" */;
			buildPhases = (
				39135C911ED1960000626D55 /* Sources */,
				39135C921ED1960000626D55 /* Frameworks */,
				39135C931ED1960000626D55 /* Resources */,
			);
			buildRules = (
			);
			dependencies = (
			);
			name = demo;
			productName = demo;
			productReference = 39135C951ED1960000626D55 /* demo.app */;
			productType = "com.apple.product-type.application";
		};
		39135CA81ED1960000626D55 /* demoTests */ = {
			isa = PBXNativeTarget;
			buildConfigurationList = 39135CC01ED1960000626D55 /* Build configuration list for PBXNativeTarget "demoTests" */;
			buildPhases = (
				39135CA51ED1960000626D55 /* Sources */,
				39135CA61ED1960000626D55 /* Frameworks */,
				39135CA71ED1960000626D55 /* Resources */,
			);
			buildRules = (
			);
			dependencies = (
				39135CAB1ED1960000626D55 /* PBXTargetDependency */,
			);
			name = demoTests;
			productName = demoTests;
			productReference = 39135CA91ED1960000626D55 /* demoTests.xctest */;
			productType = "com.apple.product-type.bundle.unit-test";
		};
		39135CB31ED1960000626D55 /* demoUITests */ = {
			isa = PBXNativeTarget;
			buildConfigurationList = 39135CC31ED1960000626D55 /* Build configuration list for PBXNativeTarget "demoUITests" */;
			buildPhases = (
				39135CB01ED1960000626D55 /* Sources */,
				39135CB11ED1960000626D55 /* Frameworks */,
				39135CB21ED1960000626D55 /* Resources */,
			);
			buildRules = (
			);
			dependencies = (
				39135CB61ED1960000626D55 /* PBXTargetDependency */,
			);
			name = demoUITests;
			productName = demoUITests;
			productReference = 39135CB41ED1960000626D55 /* demoUITests.xctest */;
			productType = "com.apple.product-type.bundle.ui-testing";
		};
/* End PBXNativeTarget section */

/* Begin PBXProject section */
		39135C8D1ED1960000626D55 /* Project object */ = {
			isa = PBXProject;
			attributes = {
				LastSwiftUpdateCheck = 0830;
				LastUpgradeCheck = 0830;
				ORGANIZATIONNAME = "Ahmed Samir AbdElMaaboud";
				TargetAttributes = {
					39135C941ED1960000626D55 = {
						CreatedOnToolsVersion = 8.3.2;
						ProvisioningStyle = Automatic;
					};
					39135CA81ED1960000626D55 = {
						CreatedOnToolsVersion = 8.3.2;
						ProvisioningStyle = Automatic;
						TestTargetID = 39135C941ED1960000626D55;
					};
					39135CB31ED1960000626D55 = {
						CreatedOnToolsVersion = 8.3.2;
						ProvisioningStyle = Automatic;
						TestTargetID = 39135C941ED1960000626D55;
					};
				};
			};
			buildConfigurationList = 39135C901ED1960000626D55 /* Build configuration list for PBXProject "demo" */;
			compatibilityVersion = "Xcode 3.2";
			developmentRegion = English;
			hasScannedForEncodings = 0;
			knownRegions = (
				en,
				Base,
			);
			mainGroup = 39135C8C1ED1960000626D55;
			productRefGroup = 39135C961ED1960000626D55 /* Products */;
			projectDirPath = "";
			projectRoot = "";
			targets = (
				39135C941ED1960000626D55 /* demo */,
				39135CA81ED1960000626D55 /* demoTests */,
				39135CB31ED1960000626D55 /* demoUITests */,
			);
		};
/* End PBXProject section */

/* Begin PBXResourcesBuildPhase section */
		39135C931ED1960000626D55 /* Resources */ = {
			isa = PBXResourcesBuildPhase;
			buildActionMask = 2147483647;
			files = (
				39135CA31ED1960000626D55 /* LaunchScreen.storyboard in Resources */,
				39135CA01ED1960000626D55 /* Assets.xcassets in Resources */,
				39135C9E1ED1960000626D55 /* Main.storyboard in Resources */,
			);
			runOnlyForDeploymentPostprocessing = 0;
		};
		39135CA71ED1960000626D55 /* Resources */ = {
			isa = PBXResourcesBuildPhase;
			buildActionMask = 2147483647;
			files = (
			);
			runOnlyForDeploymentPostprocessing = 0;
		};
		39135CB21ED1960000626D55 /* Resources */ = {
			isa = PBXResourcesBuildPhase;
			buildActionMask = 2147483647;
			files = (
			);
			runOnlyForDeploymentPostprocessing = 0;
		};
/* End PBXResourcesBuildPhase section */

/* Begin PBXSourcesBuildPhase section */
		39135C911ED1960000626D55 /* Sources */ = {
			isa = PBXSourcesBuildPhase;
			buildActionMask = 2147483647;
			files = (
				39135C9B1ED1960000626D55 /* ViewController.swift in Sources */,
				39135C991ED1960000626D55 /* AppDelegate.swift in Sources */,
			);
			runOnlyForDeploymentPostprocessing = 0;
		};
		39135CA51ED1960000626D55 /* Sources */ = {
			isa = PBXSourcesBuildPhase;
			buildActionMask = 2147483647;
			files = (
				39135CAE1ED1960000626D55 /* demoTests.swift in Sources */,
			);
			runOnlyForDeploymentPostprocessing = 0;
		};
		39135CB01ED1960000626D55 /* Sources */ = {
			isa = PBXSourcesBuildPhase;
			buildActionMask = 2147483647;
			files = (
				39135CB91ED1960000626D55 /* demoUITests.swift in Sources */,
			);
			runOnlyForDeploymentPostprocessing = 0;
		};
/* End PBXSourcesBuildPhase section */

/* Begin PBXTargetDependency section */
		39135CAB1ED1960000626D55 /* PBXTargetDependency */ = {
			isa = PBXTargetDependency;
			target = 39135C941ED1960000626D55 /* demo */;
			targetProxy = 39135CAA1ED1960000626D55 /* PBXContainerItemProxy */;
		};
		39135CB61ED1960000626D55 /* PBXTargetDependency */ = {
			isa = PBXTargetDependency;
			target = 39135C941ED1960000626D55 /* demo */;
			targetProxy = 39135CB51ED1960000626D55 /* PBXContainerItemProxy */;
		};
/* End PBXTargetDependency section */

/* Begin PBXVariantGroup section */
		39135C9C1ED1960000626D55 /* Main.storyboard */ = {
			isa = PBXVariantGroup;
			children = (
				39135C9D1ED1960000626D55 /* Base */,
			);
			name = Main.storyboard;
			sourceTree = "<group>";
		};
		39135CA11ED1960000626D55 /* LaunchScreen.storyboard */ = {
			isa = PBXVariantGroup;
			children = (
				39135CA21ED1960000626D55 /* Base */,
			);
			name = LaunchScreen.storyboard;
			sourceTree = "<group>";
		};
/* End PBXVariantGroup section */

/* Begin XCBuildConfiguration section */
		39135CBB1ED1960000626D55 /* Debug */ = {
			isa = XCBuildConfiguration;
			buildSettings = {
				ALWAYS_SEARCH_USER_PATHS = NO;
				CLANG_ANALYZER_NONNULL = YES;
				CLANG_ANALYZER_NUMBER_OBJECT_CONVERSION = YES_AGGRESSIVE;
				CLANG_CXX_LANGUAGE_STANDARD = "gnu++0x";
				CLANG_CXX_LIBRARY = "libc++";
				CLANG_ENABLE_MODULES = YES;
				CLANG_ENABLE_OBJC_ARC = YES;
				CLANG_WARN_BOOL_CONVERSION = YES;
				CLANG_WARN_CONSTANT_CONVERSION = YES;
				CLANG_WARN_DIRECT_OBJC_ISA_USAGE = YES_ERROR;
				CLANG_WARN_DOCUMENTATION_COMMENTS = YES;
				CLANG_WARN_EMPTY_BODY = YES;
				CLANG_WARN_ENUM_CONVERSION = YES;
				CLANG_WARN_INFINITE_RECURSION = YES;
				CLANG_WARN_INT_CONVERSION = YES;
				CLANG_WARN_OBJC_ROOT_CLASS = YES_ERROR;
				CLANG_WARN_SUSPICIOUS_MOVE = YES;
				CLANG_WARN_UNREACHABLE_CODE = YES;
				CLANG_WARN__DUPLICATE_METHOD_MATCH = YES;
				"CODE_SIGN_IDENTITY[sdk=iphoneos*]" = "iPhone Developer";
				COPY_PHASE_STRIP = NO;
				DEBUG_INFORMATION_FORMAT = dwarf;
				ENABLE_STRICT_OBJC_MSGSEND = YES;
				ENABLE_TESTABILITY = YES;
				GCC_C_LANGUAGE_STANDARD = gnu99;
				GCC_DYNAMIC_NO_PIC = NO;
				GCC_NO_COMMON_BLOCKS = YES;
				GCC_OPTIMIZATION_LEVEL = 0;
				GCC_PREPROCESSOR_DEFINITIONS = (
					"DEBUG=1",
					"$(inherited)",
				);
				GCC_WARN_64_TO_32_BIT_CONVERSION = YES;
				GCC_WARN_ABOUT_RETURN_TYPE = YES_ERROR;
				GCC_WARN_UNDECLARED_SELECTOR = YES;
				GCC_WARN_UNINITIALIZED_AUTOS = YES_AGGRESSIVE;
				GCC_WARN_UNUSED_FUNCTION = YES;
				GCC_WARN_UNUSED_VARIABLE = YES;
				IPHONEOS_DEPLOYMENT_TARGET = 10.3;
				MTL_ENABLE_DEBUG_INFO = YES;
				ONLY_ACTIVE_ARCH = YES;
				SDKROOT = iphoneos;
				SWIFT_ACTIVE_COMPILATION_CONDITIONS = DEBUG;
				SWIFT_OPTIMIZATION_LEVEL = "-Onone";
				TARGETED_DEVICE_FAMILY = "1,2";
			};
			name = Debug;
		};
		39135CBC1ED1960000626D55 /* Release */ = {
			isa = XCBuildConfiguration;
			buildSettings = {
				ALWAYS_SEARCH_USER_PATHS = NO;
				CLANG_ANALYZER_NONNULL = YES;
				CLANG_ANALYZER_NUMBER_OBJECT_CONVERSION = YES_AGGRESSIVE;
				CLANG_CXX_LANGUAGE_STANDARD = "gnu++0x";
				CLANG_CXX_LIBRARY = "libc++";
				CLANG_ENABLE_MODULES = YES;
				CLANG_ENABLE_OBJC_ARC = YES;
				CLANG_WARN_BOOL_CONVERSION = YES;
				CLANG_WARN_CONSTANT_CONVERSION = YES;
				CLANG_WARN_DIRECT_OBJC_ISA_USAGE = YES_ERROR;
				CLANG_WARN_DOCUMENTATION_COMMENTS = YES;
				CLANG_WARN_EMPTY_BODY = YES;
				CLANG_WARN_ENUM_CONVERSION = YES;
				CLANG_WARN_INFINITE_RECURSION = YES;
				CLANG_WARN_INT_CONVERSION = YES;
				CLANG_WARN_OBJC_ROOT_CLASS = YES_ERROR;
				CLANG_WARN_SUSPICIOUS_MOVE = YES;
				CLANG_WARN_UNREACHABLE_CODE = YES;
				CLANG_WARN__DUPLICATE_METHOD_MATCH = YES;
				"CODE_SIGN_IDENTITY[sdk=iphoneos*]" = "iPhone Developer";
				COPY_PHASE_STRIP = NO;
				DEBUG_INFORMATION_FORMAT = "dwarf-with-dsym";
				ENABLE_NS_ASSERTIONS = NO;
				ENABLE_STRICT_OBJC_MSGSEND = YES;
				GCC_C_LANGUAGE_STANDARD = gnu99;
				GCC_NO_COMMON_BLOCKS = YES;
				GCC_WARN_64_TO_32_BIT_CONVERSION = YES;
				GCC_WARN_ABOUT_RETURN_TYPE = YES_ERROR;
				GCC_WARN_UNDECLARED_SELECTOR = YES;
				GCC_WARN_UNINITIALIZED_AUTOS = YES_AGGRESSIVE;
				GCC_WARN_UNUSED_FUNCTION = YES;
				GCC_WARN_UNUSED_VARIABLE = YES;
				IPHONEOS_DEPLOYMENT_TARGET = 10.3;
				MTL_ENABLE_DEBUG_INFO = NO;
				SDKROOT = iphoneos;
				SWIFT_OPTIMIZATION_LEVEL = "-Owholemodule";
				TARGETED_DEVICE_FAMILY = "1,2";
				VALIDATE_PRODUCT = YES;
			};
			name = Release;
		};
		39135CBE1ED1960000626D55 /* Debug */ = {
			isa = XCBuildConfiguration;
			buildSettings = {
				ASSETCATALOG_COMPILER_APPICON_NAME = AppIcon;
				INFOPLIST_FILE = demo/Info.plist;
				LD_RUNPATH_SEARCH_PATHS = "$(inherited) @executable_path/Frameworks";
				PRODUCT_BUNDLE_IDENTIFIER = com.samir.demo;
				PRODUCT_NAME = "$(TARGET_NAME)";
				SWIFT_VERSION = 3.0;
			};
			name = Debug;
		};
		39135CBF1ED1960000626D55 /* Release */ = {
			isa = XCBuildConfiguration;
			buildSettings = {
				ASSETCATALOG_COMPILER_APPICON_NAME = AppIcon;
				INFOPLIST_FILE = demo/Info.plist;
				LD_RUNPATH_SEARCH_PATHS = "$(inherited) @executable_path/Frameworks";
				PRODUCT_BUNDLE_IDENTIFIER = com.samir.demo;
				PRODUCT_NAME = "$(TARGET_NAME)";
				SWIFT_VERSION = 3.0;
			};
			name = Release;
		};
		39135CC11ED1960000626D55 /* Debug */ = {
			isa = XCBuildConfiguration;
			buildSettings = {
				ALWAYS_EMBED_SWIFT_STANDARD_LIBRARIES = YES;
				BUNDLE_LOADER = "$(TEST_HOST)";
				INFOPLIST_FILE = demoTests/Info.plist;
				LD_RUNPATH_SEARCH_PATHS = "$(inherited) @executable_path/Frameworks @loader_path/Frameworks";
				PRODUCT_BUNDLE_IDENTIFIER = com.samir.demoTests;
				PRODUCT_NAME = "$(TARGET_NAME)";
				SWIFT_VERSION = 3.0;
				TEST_HOST = "$(BUILT_PRODUCTS_DIR)/demo.app/demo";
			};
			name = Debug;
		};
		39135CC21ED1960000626D55 /* Release */ = {
			isa = XCBuildConfiguration;
			buildSettings = {
				ALWAYS_EMBED_SWIFT_STANDARD_LIBRARIES = YES;
				BUNDLE_LOADER = "$(TEST_HOST)";
				INFOPLIST_FILE = demoTests/Info.plist;
				LD_RUNPATH_SEARCH_PATHS = "$(inherited) @executable_path/Frameworks @loader_path/Frameworks";
				PRODUCT_BUNDLE_IDENTIFIER = com.samir.demoTests;
				PRODUCT_NAME = "$(TARGET_NAME)";
				SWIFT_VERSION = 3.0;
				TEST_HOST = "$(BUILT_PRODUCTS_DIR)/demo.app/demo";
			};
			name = Release;
		};
		39135CC41ED1960000626D55 /* Debug */ = {
			isa = XCBuildConfiguration;
			buildSettings = {
				ALWAYS_EMBED_SWIFT_STANDARD_LIBRARIES = YES;
				INFOPLIST_FILE = demoUITests/Info.plist;
				LD_RUNPATH_SEARCH_PATHS = "$(inherited) @executable_path/Frameworks @loader_path/Frameworks";
				PRODUCT_BUNDLE_IDENTIFIER = com.samir.demoUITests;
				PRODUCT_NAME = "$(TARGET_NAME)";
				SWIFT_VERSION = 3.0;
				TEST_TARGET_NAME = demo;
			};
			name = Debug;
		};
		39135CC51ED1960000626D55 /* Release */ = {
			isa = XCBuildConfiguration;
			buildSettings = {
				ALWAYS_EMBED_SWIFT_STANDARD_LIBRARIES = YES;
				INFOPLIST_FILE = demoUITests/Info.plist;
				LD_RUNPATH_SEARCH_PATHS = "$(inherited) @executable_path/Frameworks @loader_path/Frameworks";
				PRODUCT_BUNDLE_IDENTIFIER = com.samir.demoUITests;
				PRODUCT_NAME = "$(TARGET_NAME)";
				SWIFT_VERSION = 3.0;
				TEST_TARGET_NAME = demo;
			};
			name = Release;
		};
/* End XCBuildConfiguration section */

/* Begin XCConfigurationList section */
		39135C901ED1960000626D55 /* Build configuration list for PBXProject "demo" */ = {
			isa = XCConfigurationList;
			buildConfigurations = (
				39135CBB1ED1960000626D55 /* Debug */,
				39135CBC1ED1960000626D55 /* Release */,
			);
			defaultConfigurationIsVisible = 0;
			defaultConfigurationName = Release;
		};
		39135CBD1ED1960000626D55 /* Build configuration list for PBXNativeTarget "demo" */ = {
			isa = XCConfigurationList;
			buildConfigurations = (
				39135CBE1ED1960000626D55 /* Debug */,
				39135CBF1ED1960000626D55 /* Release */,
			);
			defaultConfigurationIsVisible = 0;
		};
		39135CC01ED1960000626D55 /* Build configuration list for PBXNativeTarget "demoTests" */ = {
			isa = XCConfigurationList;
			buildConfigurations = (
				39135CC11ED1960000626D55 /* Debug */,
				39135CC21ED1960000626D55 /* Release */,
			);
			defaultConfigurationIsVisible = 0;
		};
		39135CC31ED1960000626D55 /* Build configuration list for PBXNativeTarget "demoUITests" */ = {
			isa = XCConfigurationList;
			buildConfigurations = (
				39135CC41ED1960000626D55 /* Debug */,
				39135CC51ED1960000626D55 /* Release */,
			);
			defaultConfigurationIsVisible = 0;
		};
/* End XCConfigurationList section */
	};
	rootObject = 39135C8D1ED1960000626D55 /* Project object */;
}
